{
  "version": 4,
  "terraform_version": "0.14.0",
  "serial": 12,
  "lineage": "7869132d-8635-f35d-b077-c54b04b52272",
  "outputs": {},
  "resources": [
    {
      "mode": "data",
      "type": "google_project",
      "name": "project",
      "provider": "provider[\"registry.terraform.io/hashicorp/google\"]",
      "instances": [
        {
          "schema_version": 0,
          "attributes": {
            "auto_create_network": null,
            "billing_account": "0177CD-5981DE-50612E",
            "folder_id": "299940155397",
            "id": "projects/airline1-sabre-wolverine",
            "labels": {},
            "name": "airline1-sabre-wolverine",
            "number": "680501254856",
            "org_id": "",
            "project_id": "airline1-sabre-wolverine",
            "skip_delete": null
          },
          "sensitive_attributes": []
        }
      ]
    },
    {
      "mode": "managed",
      "type": "google_bigquery_dataset",
      "name": "dlp",
      "provider": "provider[\"registry.terraform.io/hashicorp/google\"]",
      "instances": [
        {
          "schema_version": 0,
          "attributes": {
            "access": [
              {
                "domain": "",
                "group_by_email": "",
                "role": "OWNER",
                "special_group": "",
                "user_by_email": "savitap@google.com",
                "view": []
              },
              {
                "domain": "",
                "group_by_email": "",
                "role": "OWNER",
                "special_group": "projectOwners",
                "user_by_email": "",
                "view": []
              },
              {
                "domain": "",
                "group_by_email": "",
                "role": "READER",
                "special_group": "projectReaders",
                "user_by_email": "",
                "view": []
              },
              {
                "domain": "",
                "group_by_email": "",
                "role": "WRITER",
                "special_group": "projectWriters",
                "user_by_email": "",
                "view": []
              }
            ],
            "creation_time": 1638428760141,
            "dataset_id": "demo_bqdataset",
            "default_encryption_configuration": [],
            "default_partition_expiration_ms": 0,
            "default_table_expiration_ms": 0,
            "delete_contents_on_destroy": false,
            "description": "",
            "etag": "1P1UuhmsnnjoTCG2nACh/g==",
            "friendly_name": "",
            "id": "projects/airline1-sabre-wolverine/datasets/demo_bqdataset",
            "labels": null,
            "last_modified_time": 1638428760141,
            "location": "US",
            "project": "airline1-sabre-wolverine",
            "self_link": "https://bigquery.googleapis.com/bigquery/v2/projects/airline1-sabre-wolverine/datasets/demo_bqdataset",
            "timeouts": null
          },
          "sensitive_attributes": [],
          "private": "eyJlMmJmYjczMC1lY2FhLTExZTYtOGY4OC0zNDM2M2JjN2M0YzAiOnsiY3JlYXRlIjoyNDAwMDAwMDAwMDAsImRlbGV0ZSI6MjQwMDAwMDAwMDAwLCJ1cGRhdGUiOjI0MDAwMDAwMDAwMH19"
        }
      ]
    },
    {
      "mode": "managed",
      "type": "google_data_loss_prevention_job_trigger",
      "name": "bq_job_example",
      "provider": "provider[\"registry.terraform.io/hashicorp/google\"]",
      "instances": []
    },
    {
      "mode": "managed",
      "type": "google_kms_crypto_key_iam_member",
      "name": "target_resource_encryption",
      "provider": "provider[\"registry.terraform.io/hashicorp/google\"]",
      "instances": [
        {
          "schema_version": 0,
          "attributes": {
            "condition": [],
            "crypto_key_id": "projects/airline1-sabre-wolverine/locations/us/keyRings/savita-keyring-us/cryptoKeys/savita-key-us",
            "etag": "BwXSFPsuYyc=",
            "id": "projects/airline1-sabre-wolverine/locations/us/keyRings/savita-keyring-us/cryptoKeys/savita-key-us/roles/cloudkms.cryptoKeyEncrypterDecrypter/serviceAccount:dlp-inspect-sa@airline1-sabre-wolverine.iam.gserviceaccount.com",
            "member": "serviceAccount:dlp-inspect-sa@airline1-sabre-wolverine.iam.gserviceaccount.com",
            "role": "roles/cloudkms.cryptoKeyEncrypterDecrypter"
          },
          "sensitive_attributes": [],
          "private": "bnVsbA==",
          "dependencies": [
            "data.google_project.project",
            "google_service_account.dlp_inspect_sa"
          ]
        }
      ]
    },
    {
      "mode": "managed",
      "type": "google_kms_crypto_key_iam_member",
      "name": "target_resource_encryption1",
      "provider": "provider[\"registry.terraform.io/hashicorp/google\"]",
      "instances": [
        {
          "schema_version": 0,
          "attributes": {
            "condition": [],
            "crypto_key_id": "projects/airline1-sabre-wolverine/locations/us/keyRings/savita-keyring-us/cryptoKeys/savita-key-us",
            "etag": "BwXSFPsuYyc=",
            "id": "projects/airline1-sabre-wolverine/locations/us/keyRings/savita-keyring-us/cryptoKeys/savita-key-us/roles/cloudkms.cryptoKeyEncrypterDecrypter/serviceAccount:service-680501254856@dlp-api.iam.gserviceaccount.com",
            "member": "serviceAccount:service-680501254856@dlp-api.iam.gserviceaccount.com",
            "role": "roles/cloudkms.cryptoKeyEncrypterDecrypter"
          },
          "sensitive_attributes": [],
          "private": "bnVsbA==",
          "dependencies": [
            "data.google_project.project"
          ]
        }
      ]
    },
    {
      "mode": "managed",
      "type": "google_project_iam_member",
      "name": "dlp_inspect",
      "provider": "provider[\"registry.terraform.io/hashicorp/google\"]",
      "instances": [
        {
          "schema_version": 0,
          "attributes": {
            "condition": [],
            "etag": "BwXSFPs4J4Y=",
            "id": "projects/airline1-sabre-wolverine/roles/dlp.user/serviceAccount:dlp-inspect-sa@airline1-sabre-wolverine.iam.gserviceaccount.com",
            "member": "serviceAccount:dlp-inspect-sa@airline1-sabre-wolverine.iam.gserviceaccount.com",
            "project": "projects/airline1-sabre-wolverine",
            "role": "roles/dlp.user"
          },
          "sensitive_attributes": [],
          "private": "bnVsbA==",
          "dependencies": [
            "data.google_project.project",
            "google_service_account.dlp_inspect_sa"
          ]
        }
      ]
    },
    {
      "mode": "managed",
      "type": "google_service_account",
      "name": "dlp_inspect_sa",
      "provider": "provider[\"registry.terraform.io/hashicorp/google\"]",
      "instances": [
        {
          "schema_version": 0,
          "attributes": {
            "account_id": "dlp-inspect-sa",
            "description": "",
            "disabled": false,
            "display_name": "DLP Inspect Service Account",
            "email": "dlp-inspect-sa@airline1-sabre-wolverine.iam.gserviceaccount.com",
            "id": "projects/airline1-sabre-wolverine/serviceAccounts/dlp-inspect-sa@airline1-sabre-wolverine.iam.gserviceaccount.com",
            "name": "projects/airline1-sabre-wolverine/serviceAccounts/dlp-inspect-sa@airline1-sabre-wolverine.iam.gserviceaccount.com",
            "project": "airline1-sabre-wolverine",
            "timeouts": null,
            "unique_id": "111073668960810177828"
          },
          "sensitive_attributes": [],
          "private": "eyJlMmJmYjczMC1lY2FhLTExZTYtOGY4OC0zNDM2M2JjN2M0YzAiOnsiY3JlYXRlIjozMDAwMDAwMDAwMDB9fQ==",
          "dependencies": [
            "data.google_project.project"
          ]
        }
      ]
    }
  ]
}
